// !$*UTF8*$!
{
	archiveVersion = 1;
	classes = {
	};
	objectVersion = 46;
	objects = {

/* Begin PBXBuildFile section */
		77D002961B57949F009EB382 /* AppDelegate.swift in Sources */ = {isa = PBXBuildFile; fileRef = 77D002951B57949F009EB382 /* AppDelegate.swift */; };
		77D002981B57949F009EB382 /* ViewController.swift in Sources */ = {isa = PBXBuildFile; fileRef = 77D002971B57949F009EB382 /* ViewController.swift */; };
		77D0029B1B57949F009EB382 /* Main.storyboard in Resources */ = {isa = PBXBuildFile; fileRef = 77D002991B57949F009EB382 /* Main.storyboard */; };
		77D0029D1B57949F009EB382 /* Assets.xcassets in Resources */ = {isa = PBXBuildFile; fileRef = 77D0029C1B57949F009EB382 /* Assets.xcassets */; };
		77D002A01B57949F009EB382 /* LaunchScreen.storyboard in Resources */ = {isa = PBXBuildFile; fileRef = 77D0029E1B57949F009EB382 /* LaunchScreen.storyboard */; };
		77D002AB1B57949F009EB382 /* QQFrameWorkDemoTests.swift in Sources */ = {isa = PBXBuildFile; fileRef = 77D002AA1B57949F009EB382 /* QQFrameWorkDemoTests.swift */; };
		77D002B61B57949F009EB382 /* QQFrameWorkDemoUITests.swift in Sources */ = {isa = PBXBuildFile; fileRef = 77D002B51B57949F009EB382 /* QQFrameWorkDemoUITests.swift */; };
/* End PBXBuildFile section */

/* Begin PBXContainerItemProxy section */
		77D002A71B57949F009EB382 /* PBXContainerItemProxy */ = {
			isa = PBXContainerItemProxy;
			containerPortal = 77D0028A1B57949F009EB382 /* Project object */;
			proxyType = 1;
			remoteGlobalIDString = 77D002911B57949F009EB382;
			remoteInfo = QQFrameWorkDemo;
		};
		77D002B21B57949F009EB382 /* PBXContainerItemProxy */ = {
			isa = PBXContainerItemProxy;
			containerPortal = 77D0028A1B57949F009EB382 /* Project object */;
			proxyType = 1;
			remoteGlobalIDString = 77D002911B57949F009EB382;
			remoteInfo = QQFrameWorkDemo;
		};
/* End PBXContainerItemProxy section */

/* Begin PBXFileReference section */
		77D002921B57949F009EB382 /* QQFrameWorkDemo.app */ = {isa = PBXFileReference; explicitFileType = wrapper.application; includeInIndex = 0; path = QQFrameWorkDemo.app; sourceTree = BUILT_PRODUCTS_DIR; };
		77D002951B57949F009EB382 /* AppDelegate.swift */ = {isa = PBXFileReference; lastKnownFileType = sourcecode.swift; path = AppDelegate.swift; sourceTree = "<group>"; };
		77D002971B57949F009EB382 /* ViewController.swift */ = {isa = PBXFileReference; lastKnownFileType = sourcecode.swift; path = ViewController.swift; sourceTree = "<group>"; };
		77D0029A1B57949F009EB382 /* Base */ = {isa = PBXFileReference; lastKnownFileType = file.storyboard; name = Base; path = Base.lproj/Main.storyboard; sourceTree = "<group>"; };
		77D0029C1B57949F009EB382 /* Assets.xcassets */ = {isa = PBXFileReference; lastKnownFileType = folder.assetcatalog; path = Assets.xcassets; sourceTree = "<group>"; };
		77D0029F1B57949F009EB382 /* Base */ = {isa = PBXFileReference; lastKnownFileType = file.storyboard; name = Base; path = Base.lproj/LaunchScreen.storyboard; sourceTree = "<group>"; };
		77D002A11B57949F009EB382 /* Info.plist */ = {isa = PBXFileReference; lastKnownFileType = text.plist.xml; path = Info.plist; sourceTree = "<group>"; };
		77D002A61B57949F009EB382 /* QQFrameWorkDemoTests.xctest */ = {isa = PBXFileReference; explicitFileType = wrapper.cfbundle; includeInIndex = 0; path = QQFrameWorkDemoTests.xctest; sourceTree = BUILT_PRODUCTS_DIR; };
		77D002AA1B57949F009EB382 /* QQFrameWorkDemoTests.swift */ = {isa = PBXFileReference; lastKnownFileType = sourcecode.swift; path = QQFrameWorkDemoTests.swift; sourceTree = "<group>"; };
		77D002AC1B57949F009EB382 /* Info.plist */ = {isa = PBXFileReference; lastKnownFileType = text.plist.xml; path = Info.plist; sourceTree = "<group>"; };
		77D002B11B57949F009EB382 /* QQFrameWorkDemoUITests.xctest */ = {isa = PBXFileReference; explicitFileType = wrapper.cfbundle; includeInIndex = 0; path = QQFrameWorkDemoUITests.xctest; sourceTree = BUILT_PRODUCTS_DIR; };
		77D002B51B57949F009EB382 /* QQFrameWorkDemoUITests.swift */ = {isa = PBXFileReference; lastKnownFileType = sourcecode.swift; path = QQFrameWorkDemoUITests.swift; sourceTree = "<group>"; };
		77D002B71B57949F009EB382 /* Info.plist */ = {isa = PBXFileReference; lastKnownFileType = text.plist.xml; path = Info.plist; sourceTree = "<group>"; };
/* End PBXFileReference section */

/* Begin PBXFrameworksBuildPhase section */
		77D0028F1B57949F009EB382 /* Frameworks */ = {
			isa = PBXFrameworksBuildPhase;
			buildActionMask = 2147483647;
			files = (
			);
			runOnlyForDeploymentPostprocessing = 0;
		};
		77D002A31B57949F009EB382 /* Frameworks */ = {
			isa = PBXFrameworksBuildPhase;
			buildActionMask = 2147483647;
			files = (
			);
			runOnlyForDeploymentPostprocessing = 0;
		};
		77D002AE1B57949F009EB382 /* Frameworks */ = {
			isa = PBXFrameworksBuildPhase;
			buildActionMask = 2147483647;
			files = (
			);
			runOnlyForDeploymentPostprocessing = 0;
		};
/* End PBXFrameworksBuildPhase section */

/* Begin PBXGroup section */
		77D002891B57949F009EB382 = {
			isa = PBXGroup;
			children = (
				77D002941B57949F009EB382 /* QQFrameWorkDemo */,
				77D002A91B57949F009EB382 /* QQFrameWorkDemoTests */,
				77D002B41B57949F009EB382 /* QQFrameWorkDemoUITests */,
				77D002931B57949F009EB382 /* Products */,
			);
			sourceTree = "<group>";
		};
		77D002931B57949F009EB382 /* Products */ = {
			isa = PBXGroup;
			children = (
				77D002921B57949F009EB382 /* QQFrameWorkDemo.app */,
				77D002A61B57949F009EB382 /* QQFrameWorkDemoTests.xctest */,
				77D002B11B57949F009EB382 /* QQFrameWorkDemoUITests.xctest */,
			);
			name = Products;
			sourceTree = "<group>";
		};
		77D002941B57949F009EB382 /* QQFrameWorkDemo */ = {
			isa = PBXGroup;
			children = (
				77D002951B57949F009EB382 /* AppDelegate.swift */,
				77D002971B57949F009EB382 /* ViewController.swift */,
				77D002991B57949F009EB382 /* Main.storyboard */,
				77D0029C1B57949F009EB382 /* Assets.xcassets */,
				77D0029E1B57949F009EB382 /* LaunchScreen.storyboard */,
				77D002A11B57949F009EB382 /* Info.plist */,
			);
			path = QQFrameWorkDemo;
			sourceTree = "<group>";
		};
		77D002A91B57949F009EB382 /* QQFrameWorkDemoTests */ = {
			isa = PBXGroup;
			children = (
				77D002AA1B57949F009EB382 /* QQFrameWorkDemoTests.swift */,
				77D002AC1B57949F009EB382 /* Info.plist */,
			);
			path = QQFrameWorkDemoTests;
			sourceTree = "<group>";
		};
		77D002B41B57949F009EB382 /* QQFrameWorkDemoUITests */ = {
			isa = PBXGroup;
			children = (
				77D002B51B57949F009EB382 /* QQFrameWorkDemoUITests.swift */,
				77D002B71B57949F009EB382 /* Info.plist */,
			);
			path = QQFrameWorkDemoUITests;
			sourceTree = "<group>";
		};
/* End PBXGroup section */

/* Begin PBXNativeTarget section */
		77D002911B57949F009EB382 /* QQFrameWorkDemo */ = {
			isa = PBXNativeTarget;
			buildConfigurationList = 77D002BA1B57949F009EB382 /* Build configuration list for PBXNativeTarget "QQFrameWorkDemo" */;
			buildPhases = (
				77D0028E1B57949F009EB382 /* Sources */,
				77D0028F1B57949F009EB382 /* Frameworks */,
				77D002901B57949F009EB382 /* Resources */,
			);
			buildRules = (
			);
			dependencies = (
			);
			name = QQFrameWorkDemo;
			productName = QQFrameWorkDemo;
			productReference = 77D002921B57949F009EB382 /* QQFrameWorkDemo.app */;
			productType = "com.apple.product-type.application";
		};
		77D002A51B57949F009EB382 /* QQFrameWorkDemoTests */ = {
			isa = PBXNativeTarget;
			buildConfigurationList = 77D002BD1B57949F009EB382 /* Build configuration list for PBXNativeTarget "QQFrameWorkDemoTests" */;
			buildPhases = (
				77D002A21B57949F009EB382 /* Sources */,
				77D002A31B57949F009EB382 /* Frameworks */,
				77D002A41B57949F009EB382 /* Resources */,
			);
			buildRules = (
			);
			dependencies = (
				77D002A81B57949F009EB382 /* PBXTargetDependency */,
			);
			name = QQFrameWorkDemoTests;
			productName = QQFrameWorkDemoTests;
			productReference = 77D002A61B57949F009EB382 /* QQFrameWorkDemoTests.xctest */;
			productType = "com.apple.product-type.bundle.unit-test";
		};
		77D002B01B57949F009EB382 /* QQFrameWorkDemoUITests */ = {
			isa = PBXNativeTarget;
			buildConfigurationList = 77D002C01B57949F009EB382 /* Build configuration list for PBXNativeTarget "QQFrameWorkDemoUITests" */;
			buildPhases = (
				77D002AD1B57949F009EB382 /* Sources */,
				77D002AE1B57949F009EB382 /* Frameworks */,
				77D002AF1B57949F009EB382 /* Resources */,
			);
			buildRules = (
			);
			dependencies = (
				77D002B31B57949F009EB382 /* PBXTargetDependency */,
			);
			name = QQFrameWorkDemoUITests;
			productName = QQFrameWorkDemoUITests;
			productReference = 77D002B11B57949F009EB382 /* QQFrameWorkDemoUITests.xctest */;
			productType = "com.apple.product-type.bundle.ui-testing";
		};
/* End PBXNativeTarget section */

/* Begin PBXProject section */
		77D0028A1B57949F009EB382 /* Project object */ = {
			isa = PBXProject;
			attributes = {
				LastUpgradeCheck = 0700;
				ORGANIZATIONNAME = "颜魏";
				TargetAttributes = {
					77D002911B57949F009EB382 = {
						CreatedOnToolsVersion = 7.0;
					};
					77D002A51B57949F009EB382 = {
						CreatedOnToolsVersion = 7.0;
						TestTargetID = 77D002911B57949F009EB382;
					};
					77D002B01B57949F009EB382 = {
						CreatedOnToolsVersion = 7.0;
						TestTargetID = 77D002911B57949F009EB382;
					};
				};
			};
			buildConfigurationList = 77D0028D1B57949F009EB382 /* Build configuration list for PBXProject "QQFrameWorkDemo" */;
			compatibilityVersion = "Xcode 3.2";
			developmentRegion = English;
			hasScannedForEncodings = 0;
			knownRegions = (
				en,
				Base,
			);
			mainGroup = 77D002891B57949F009EB382;
			productRefGroup = 77D002931B57949F009EB382 /* Products */;
			projectDirPath = "";
			projectRoot = "";
			targets = (
				77D002911B57949F009EB382 /* QQFrameWorkDemo */,
				77D002A51B57949F009EB382 /* QQFrameWorkDemoTests */,
				77D002B01B57949F009EB382 /* QQFrameWorkDemoUITests */,
			);
		};
/* End PBXProject section */

/* Begin PBXResourcesBuildPhase section */
		77D002901B57949F009EB382 /* Resources */ = {
			isa = PBXResourcesBuildPhase;
			buildActionMask = 2147483647;
			files = (
				77D002A01B57949F009EB382 /* LaunchScreen.storyboard in Resources */,
				77D0029D1B57949F009EB382 /* Assets.xcassets in Resources */,
				77D0029B1B57949F009EB382 /* Main.storyboard in Resources */,
			);
			runOnlyForDeploymentPostprocessing = 0;
		};
		77D002A41B57949F009EB382 /* Resources */ = {
			isa = PBXResourcesBuildPhase;
			buildActionMask = 2147483647;
			files = (
			);
			runOnlyForDeploymentPostprocessing = 0;
		};
		77D002AF1B57949F009EB382 /* Resources */ = {
			isa = PBXResourcesBuildPhase;
			buildActionMask = 2147483647;
			files = (
			);
			runOnlyForDeploymentPostprocessing = 0;
		};
/* End PBXResourcesBuildPhase section */

/* Begin PBXSourcesBuildPhase section */
		77D0028E1B57949F009EB382 /* Sources */ = {
			isa = PBXSourcesBuildPhase;
			buildActionMask = 2147483647;
			files = (
				77D002981B57949F009EB382 /* ViewController.swift in Sources */,
				77D002961B57949F009EB382 /* AppDelegate.swift in Sources */,
			);
			runOnlyForDeploymentPostprocessing = 0;
		};
		77D002A21B57949F009EB382 /* Sources */ = {
			isa = PBXSourcesBuildPhase;
			buildActionMask = 2147483647;
			files = (
				77D002AB1B57949F009EB382 /* QQFrameWorkDemoTests.swift in Sources */,
			);
			runOnlyForDeploymentPostprocessing = 0;
		};
		77D002AD1B57949F009EB382 /* Sources */ = {
			isa = PBXSourcesBuildPhase;
			buildActionMask = 2147483647;
			files = (
				77D002B61B57949F009EB382 /* QQFrameWorkDemoUITests.swift in Sources */,
			);
			runOnlyForDeploymentPostprocessing = 0;
		};
/* End PBXSourcesBuildPhase section */

/* Begin PBXTargetDependency section */
		77D002A81B57949F009EB382 /* PBXTargetDependency */ = {
			isa = PBXTargetDependency;
			target = 77D002911B57949F009EB382 /* QQFrameWorkDemo */;
			targetProxy = 77D002A71B57949F009EB382 /* PBXContainerItemProxy */;
		};
		77D002B31B57949F009EB382 /* PBXTargetDependency */ = {
			isa = PBXTargetDependency;
			target = 77D002911B57949F009EB382 /* QQFrameWorkDemo */;
			targetProxy = 77D002B21B57949F009EB382 /* PBXContainerItemProxy */;
		};
/* End PBXTargetDependency section */

/* Begin PBXVariantGroup section */
		77D002991B57949F009EB382 /* Main.storyboard */ = {
			isa = PBXVariantGroup;
			children = (
				77D0029A1B57949F009EB382 /* Base */,
			);
			name = Main.storyboard;
			sourceTree = "<group>";
		};
		77D0029E1B57949F009EB382 /* LaunchScreen.storyboard */ = {
			isa = PBXVariantGroup;
			children = (
				77D0029F1B57949F009EB382 /* Base */,
			);
			name = LaunchScreen.storyboard;
			sourceTree = "<group>";
		};
/* End PBXVariantGroup section */

/* Begin XCBuildConfiguration section */
		77D002B81B57949F009EB382 /* Debug */ = {
			isa = XCBuildConfiguration;
			buildSettings = {
				ALWAYS_SEARCH_USER_PATHS = NO;
				CLANG_CXX_LANGUAGE_STANDARD = "gnu++0x";
				CLANG_CXX_LIBRARY = "libc++";
				CLANG_ENABLE_MODULES = YES;
				CLANG_ENABLE_OBJC_ARC = YES;
				CLANG_WARN_BOOL_CONVERSION = YES;
				CLANG_WARN_CONSTANT_CONVERSION = YES;
				CLANG_WARN_DIRECT_OBJC_ISA_USAGE = YES_ERROR;
				CLANG_WARN_EMPTY_BODY = YES;
				CLANG_WARN_ENUM_CONVERSION = YES;
				CLANG_WARN_INT_CONVERSION = YES;
				CLANG_WARN_OBJC_ROOT_CLASS = YES_ERROR;
				CLANG_WARN_UNREACHABLE_CODE = YES;
				CLANG_WARN__DUPLICATE_METHOD_MATCH = YES;
				"CODE_SIGN_IDENTITY[sdk=iphoneos*]" = "iPhone Developer";
				COPY_PHASE_STRIP = NO;
				DEBUG_INFORMATION_FORMAT = dwarf;
				ENABLE_STRICT_OBJC_MSGSEND = YES;
				ENABLE_TESTABILITY = YES;
				GCC_C_LANGUAGE_STANDARD = gnu99;
				GCC_DYNAMIC_NO_PIC = NO;
				GCC_NO_COMMON_BLOCKS = YES;
				GCC_OPTIMIZATION_LEVEL = 0;
				GCC_PREPROCESSOR_DEFINITIONS = (
					"DEBUG=1",
					"$(inherited)",
				);
				GCC_WARN_64_TO_32_BIT_CONVERSION = YES;
				GCC_WARN_ABOUT_RETURN_TYPE = YES_ERROR;
				GCC_WARN_UNDECLARED_SELECTOR = YES;
				GCC_WARN_UNINITIALIZED_AUTOS = YES_AGGRESSIVE;
				GCC_WARN_UNUSED_FUNCTION = YES;
				GCC_WARN_UNUSED_VARIABLE = YES;
				IPHONEOS_DEPLOYMENT_TARGET = 9.0;
				MTL_ENABLE_DEBUG_INFO = YES;
				ONLY_ACTIVE_ARCH = YES;
				SDKROOT = iphoneos;
				SWIFT_OPTIMIZATION_LEVEL = "-Onone";
				TARGETED_DEVICE_FAMILY = "1,2";
			};
			name = Debug;
		};
		77D002B91B57949F009EB382 /* Release */ = {
			isa = XCBuildConfiguration;
			buildSettings = {
				ALWAYS_SEARCH_USER_PATHS = NO;
				CLANG_CXX_LANGUAGE_STANDARD = "gnu++0x";
				CLANG_CXX_LIBRARY = "libc++";
				CLANG_ENABLE_MODULES = YES;
				CLANG_ENABLE_OBJC_ARC = YES;
				CLANG_WARN_BOOL_CONVERSION = YES;
				CLANG_WARN_CONSTANT_CONVERSION = YES;
				CLANG_WARN_DIRECT_OBJC_ISA_USAGE = YES_ERROR;
				CLANG_WARN_EMPTY_BODY = YES;
				CLANG_WARN_ENUM_CONVERSION = YES;
				CLANG_WARN_INT_CONVERSION = YES;
				CLANG_WARN_OBJC_ROOT_CLASS = YES_ERROR;
				CLANG_WARN_UNREACHABLE_CODE = YES;
				CLANG_WARN__DUPLICATE_METHOD_MATCH = YES;
				"CODE_SIGN_IDENTITY[sdk=iphoneos*]" = "iPhone Developer";
				COPY_PHASE_STRIP = NO;
				DEBUG_INFORMATION_FORMAT = "dwarf-with-dsym";
				ENABLE_NS_ASSERTIONS = NO;
				ENABLE_STRICT_OBJC_MSGSEND = YES;
				GCC_C_LANGUAGE_STANDARD = gnu99;
				GCC_NO_COMMON_BLOCKS = YES;
				GCC_WARN_64_TO_32_BIT_CONVERSION = YES;
				GCC_WARN_ABOUT_RETURN_TYPE = YES_ERROR;
				GCC_WARN_UNDECLARED_SELECTOR = YES;
				GCC_WARN_UNINITIALIZED_AUTOS = YES_AGGRESSIVE;
				GCC_WARN_UNUSED_FUNCTION = YES;
				GCC_WARN_UNUSED_VARIABLE = YES;
				IPHONEOS_DEPLOYMENT_TARGET = 9.0;
				MTL_ENABLE_DEBUG_INFO = NO;
				SDKROOT = iphoneos;
				TARGETED_DEVICE_FAMILY = "1,2";
				VALIDATE_PRODUCT = YES;
			};
			name = Release;
		};
		77D002BB1B57949F009EB382 /* Debug */ = {
			isa = XCBuildConfiguration;
			buildSettings = {
				ASSETCATALOG_COMPILER_APPICON_NAME = AppIcon;
				INFOPLIST_FILE = QQFrameWorkDemo/Info.plist;
				LD_RUNPATH_SEARCH_PATHS = "$(inherited) @executable_path/Frameworks";
				PRODUCT_BUNDLE_IDENTIFIER = tanglin.com.wei.QQFrameWorkDemo;
				PRODUCT_NAME = "$(TARGET_NAME)";
			};
			name = Debug;
		};
		77D002BC1B57949F009EB382 /* Release */ = {
			isa = XCBuildConfiguration;
			buildSettings = {
				ASSETCATALOG_COMPILER_APPICON_NAME = AppIcon;
				INFOPLIST_FILE = QQFrameWorkDemo/Info.plist;
				LD_RUNPATH_SEARCH_PATHS = "$(inherited) @executable_path/Frameworks";
				PRODUCT_BUNDLE_IDENTIFIER = tanglin.com.wei.QQFrameWorkDemo;
				PRODUCT_NAME = "$(TARGET_NAME)";
			};
			name = Release;
		};
		77D002BE1B57949F009EB382 /* Debug */ = {
			isa = XCBuildConfiguration;
			buildSettings = {
				BUNDLE_LOADER = "$(TEST_HOST)";
				INFOPLIST_FILE = QQFrameWorkDemoTests/Info.plist;
				LD_RUNPATH_SEARCH_PATHS = "$(inherited) @executable_path/Frameworks @loader_path/Frameworks";
				PRODUCT_BUNDLE_IDENTIFIER = tanglin.com.wei.QQFrameWorkDemoTests;
				PRODUCT_NAME = "$(TARGET_NAME)";
				TEST_HOST = "$(BUILT_PRODUCTS_DIR)/QQFrameWorkDemo.app/QQFrameWorkDemo";
			};
			name = Debug;
		};
		77D002BF1B57949F009EB382 /* Release */ = {
			isa = XCBuildConfiguration;
			buildSettings = {
				BUNDLE_LOADER = "$(TEST_HOST)";
				INFOPLIST_FILE = QQFrameWorkDemoTests/Info.plist;
				LD_RUNPATH_SEARCH_PATHS = "$(inherited) @executable_path/Frameworks @loader_path/Frameworks";
				PRODUCT_BUNDLE_IDENTIFIER = tanglin.com.wei.QQFrameWorkDemoTests;
				PRODUCT_NAME = "$(TARGET_NAME)";
				TEST_HOST = "$(BUILT_PRODUCTS_DIR)/QQFrameWorkDemo.app/QQFrameWorkDemo";
			};
			name = Release;
		};
		77D002C11B57949F009EB382 /* Debug */ = {
			isa = XCBuildConfiguration;
			buildSettings = {
				INFOPLIST_FILE = QQFrameWorkDemoUITests/Info.plist;
				LD_RUNPATH_SEARCH_PATHS = "$(inherited) @executable_path/Frameworks @loader_path/Frameworks";
				PRODUCT_BUNDLE_IDENTIFIER = tanglin.com.wei.QQFrameWorkDemoUITests;
				PRODUCT_NAME = "$(TARGET_NAME)";
				TEST_TARGET_NAME = QQFrameWorkDemo;
				USES_XCTRUNNER = YES;
			};
			name = Debug;
		};
		77D002C21B57949F009EB382 /* Release */ = {
			isa = XCBuildConfiguration;
			buildSettings = {
				INFOPLIST_FILE = QQFrameWorkDemoUITests/Info.plist;
				LD_RUNPATH_SEARCH_PATHS = "$(inherited) @executable_path/Frameworks @loader_path/Frameworks";
				PRODUCT_BUNDLE_IDENTIFIER = tanglin.com.wei.QQFrameWorkDemoUITests;
				PRODUCT_NAME = "$(TARGET_NAME)";
				TEST_TARGET_NAME = QQFrameWorkDemo;
				USES_XCTRUNNER = YES;
			};
			name = Release;
		};
/* End XCBuildConfiguration section */

/* Begin XCConfigurationList section */
		77D0028D1B57949F009EB382 /* Build configuration list for PBXProject "QQFrameWorkDemo" */ = {
			isa = XCConfigurationList;
			buildConfigurations = (
				77D002B81B57949F009EB382 /* Debug */,
				77D002B91B57949F009EB382 /* Release */,
			);
			defaultConfigurationIsVisible = 0;
			defaultConfigurationName = Release;
		};
		77D002BA1B57949F009EB382 /* Build configuration list for PBXNativeTarget "QQFrameWorkDemo" */ = {
			isa = XCConfigurationList;
			buildConfigurations = (
				77D002BB1B57949F009EB382 /* Debug */,
				77D002BC1B57949F009EB382 /* Release */,
			);
			defaultConfigurationIsVisible = 0;
		};
		77D002BD1B57949F009EB382 /* Build configuration list for PBXNativeTarget "QQFrameWorkDemoTests" */ = {
			isa = XCConfigurationList;
			buildConfigurations = (
				77D002BE1B57949F009EB382 /* Debug */,
				77D002BF1B57949F009EB382 /* Release */,
			);
			defaultConfigurationIsVisible = 0;
		};
		77D002C01B57949F009EB382 /* Build configuration list for PBXNativeTarget "QQFrameWorkDemoUITests" */ = {
			isa = XCConfigurationList;
			buildConfigurations = (
				77D002C11B57949F009EB382 /* Debug */,
				77D002C21B57949F009EB382 /* Release */,
			);
			defaultConfigurationIsVisible = 0;
		};
/* End XCConfigurationList section */
	};
	rootObject = 77D0028A1B57949F009EB382 /* Project object */;
}
